# This file is automatically @generated by Cargo.
# It is not intended for manual editing.
[[package]]
name = "aoc2019_day01"
version = "0.1.0"
dependencies = [
 "aoc2019_utils 0.1.0",
]

[[package]]
name = "aoc2019_day02"
version = "0.1.0"
dependencies = [
 "aoc2019_utils 0.1.0",
]

[[package]]
name = "aoc2019_day03"
version = "0.1.0"
dependencies = [
 "aoc2019_utils 0.1.0",
]

[[package]]
name = "aoc2019_day04"
version = "0.1.0"
dependencies = [
 "aoc2019_utils 0.1.0",
]

[[package]]
name = "aoc2019_day05"
version = "0.1.0"
dependencies = [
 "aoc2019_utils 0.1.0",
]

[[package]]
name = "aoc2019_day06"
version = "0.1.0"
dependencies = [
 "aoc2019_utils 0.1.0",
]

[[package]]
name = "aoc2019_day07"
version = "0.1.0"
dependencies = [
 "aoc2019_utils 0.1.0",
]

[[package]]
name = "aoc2019_day08"
version = "0.1.0"
dependencies = [
 "aoc2019_utils 0.1.0",
]

[[package]]
name = "aoc2019_day09"
version = "0.1.0"
dependencies = [
 "aoc2019_utils 0.1.0",
]

[[package]]
name = "aoc2019_day10"
version = "0.1.0"
dependencies = [
 "aoc2019_utils 0.1.0",
]

[[package]]
name = "aoc2019_day11"
version = "0.1.0"
dependencies = [
 "aoc2019_utils 0.1.0",
]

[[package]]
name = "aoc2019_day12"
version = "0.1.0"
dependencies = [
 "aoc2019_utils 0.1.0",
]

[[package]]
name = "aoc2019_day13"
version = "0.1.0"
dependencies = [
 "aoc2019_utils 0.1.0",
]

[[package]]
name = "aoc2019_day14"
version = "0.1.0"
dependencies = [
 "aoc2019_utils 0.1.0",
]

[[package]]
name = "aoc2019_day15"
version = "0.1.0"
dependencies = [
 "aoc2019_utils 0.1.0",
]

[[package]]
name = "aoc2019_day16"
version = "0.1.0"
dependencies = [
 "aoc2019_utils 0.1.0",
]

[[package]]
name = "aoc2019_day17"
version = "0.1.0"
dependencies = [
 "aoc2019_utils 0.1.0",
]

[[package]]
name = "aoc2019_day18"
version = "0.1.0"
dependencies = [
 "aoc2019_utils 0.1.0",
]

[[package]]
name = "aoc2019_day19"
version = "0.1.0"
dependencies = [
 "aoc2019_utils 0.1.0",
]

[[package]]
name = "aoc2019_day20"
version = "0.1.0"
dependencies = [
 "aoc2019_utils 0.1.0",
]

[[package]]
name = "aoc2019_day21"
version = "0.1.0"
dependencies = [
 "aoc2019_utils 0.1.0",
]

[[package]]
name = "aoc2019_day22"
version = "0.1.0"
dependencies = [
 "aoc2019_utils 0.1.0",
]

[[package]]
name = "aoc2019_utils"
version = "0.1.0"

