# This file is automatically @generated by Cargo.
# It is not intended for manual editing.
[[package]]
name = "aoc2019_day01"
version = "0.1.0"
dependencies = [
 "aoc2019_utils 0.1.0",
]

[[package]]
name = "aoc2019_day02"
version = "0.1.0"
dependencies = [
 "aoc2019_utils 0.1.0",
]

[[package]]
name = "aoc2019_day03"
version = "0.1.0"
dependencies = [
 "aoc2019_utils 0.1.0",
]

[[package]]
name = "aoc2019_utils"
version = "0.1.0"

